<?xml version="1.0" encoding="utf-8"?>
<Project ToolsVersion="4.0" xmlns="http://schemas.microsoft.com/developer/msbuild/2003">
  <ItemGroup>
    <Filter Include="Source Files">
      <UniqueIdentifier>{4FC737F1-C7A5-4376-A066-2A32D752A2FF}</UniqueIdentifier>
      <Extensions>cpp;c;cc;cxx;def;odl;idl;hpj;bat;asm;asmx</Extensions>
    </Filter>
    <Filter Include="Header Files">
      <UniqueIdentifier>{93995380-89BD-4b04-88EB-625FBE52EBFB}</UniqueIdentifier>
      <Extensions>h;hh;hpp;hxx;hm;inl;inc;xsd</Extensions>
    </Filter>
    <Filter Include="Resource Files">
      <UniqueIdentifier>{D9D6E242-F8AF-46E4-B9FD-80ECBC20BA3E}</UniqueIdentifier>
      <Extensions>qrc;*</Extensions>
      <ParseFiles>false</ParseFiles>
    </Filter>
    <Filter Include="Form Files">
      <UniqueIdentifier>{99349809-55BA-4b9d-BF79-8FDBB0286EB3}</UniqueIdentifier>
      <Extensions>ui</Extensions>
    </Filter>
    <Filter Include="Resource Files">
      <UniqueIdentifier>{D9D6E242-F8AF-46E4-B9FD-80ECBC20BA3E}</UniqueIdentifier>
      <Extensions>qrc;*</Extensions>
      <ParseFiles>false</ParseFiles>
    </Filter>
    <Filter Include="Generated Files">
      <UniqueIdentifier>{71ED8ED8-ACB9-4CE9-BBE1-E00B30144E11}</UniqueIdentifier>
      <Extensions>moc;h;cpp</Extensions>
      <SourceControlFiles>False</SourceControlFiles>
    </Filter>
    <Filter Include="Generated Files\Debug">
      <UniqueIdentifier>{c847bc16-bda8-499d-a659-c183c397dff5}</UniqueIdentifier>
      <Extensions>cpp;moc</Extensions>
      <SourceControlFiles>False</SourceControlFiles>
    </Filter>
    <Filter Include="Generated Files\Release">
      <UniqueIdentifier>{302adb26-1b4b-4566-84ed-28cafec3e9c8}</UniqueIdentifier>
      <Extensions>cpp;moc</Extensions>
      <SourceControlFiles>False</SourceControlFiles>
    </Filter>
    <Filter Include="incl">
      <UniqueIdentifier>{f2e3eb47-69cc-4bb8-82ed-52cc635d7bc0}</UniqueIdentifier>
    </Filter>
    <Filter Include="utils">
      <UniqueIdentifier>{0020d6b1-d9dd-4f17-b7a8-bcb1b8190fcc}</UniqueIdentifier>
    </Filter>
    <Filter Include="utils\log">
      <UniqueIdentifier>{9294786e-b296-46a1-a688-b4e4bf8cea91}</UniqueIdentifier>
    </Filter>
    <Filter Include="utils\md5">
      <UniqueIdentifier>{33128d03-8a91-4a9c-a2e1-15ad9ff9cb72}</UniqueIdentifier>
    </Filter>
    <Filter Include="utils\pc">
      <UniqueIdentifier>{a85704b9-a57d-4188-918e-479739c1417c}</UniqueIdentifier>
    </Filter>
    <Filter Include="utils\socket">
      <UniqueIdentifier>{42639d1c-f7b0-44ea-a1a8-962989f9249b}</UniqueIdentifier>
    </Filter>
    <Filter Include="utils\string">
      <UniqueIdentifier>{f58c3775-847d-4337-8e50-00485beaed3e}</UniqueIdentifier>
    </Filter>
  </ItemGroup>
  <ItemGroup>
    <ClCompile Include="main.cpp">
      <Filter>Source Files</Filter>
    </ClCompile>
    <ClCompile Include="QtTestCam.cpp">
      <Filter>Source Files</Filter>
    </ClCompile>
    <ClCompile Include="GeneratedFiles\Debug\moc_QtTestCam.cpp">
      <Filter>Generated Files\Debug</Filter>
    </ClCompile>
    <ClCompile Include="GeneratedFiles\Release\moc_QtTestCam.cpp">
      <Filter>Generated Files\Release</Filter>
    </ClCompile>
    <ClCompile Include="GeneratedFiles\qrc_QtTestCam.cpp">
      <Filter>Generated Files</Filter>
    </ClCompile>
    <ClCompile Include="GeneratedFiles\Debug\moc_QtSetDlg.cpp">
      <Filter>Generated Files\Debug</Filter>
    </ClCompile>
    <ClCompile Include="GeneratedFiles\Release\moc_QtSetDlg.cpp">
      <Filter>Generated Files\Release</Filter>
    </ClCompile>
    <ClCompile Include="QtSetDlg.cpp">
      <Filter>Source Files</Filter>
    </ClCompile>
    <ClCompile Include="CvxText.cpp">
      <Filter>Source Files</Filter>
    </ClCompile>
    <ClCompile Include="GeneratedFiles\Debug\moc_MyLabel.cpp">
      <Filter>Generated Files\Debug</Filter>
    </ClCompile>
    <ClCompile Include="MyLabel.cpp">
      <Filter>Source Files</Filter>
    </ClCompile>
    <ClCompile Include="GeneratedFiles\Release\moc_MyLabel.cpp">
      <Filter>Generated Files\Release</Filter>
    </ClCompile>
    <ClCompile Include="GeneratedFiles\Debug\moc_QtLogDlg.cpp">
      <Filter>Generated Files\Debug</Filter>
    </ClCompile>
    <ClCompile Include="GeneratedFiles\Release\moc_QtLogDlg.cpp">
      <Filter>Generated Files\Release</Filter>
    </ClCompile>
    <ClCompile Include="QtLogDlg.cpp">
      <Filter>Source Files</Filter>
    </ClCompile>
    <ClCompile Include="client.cpp">
      <Filter>Source Files</Filter>
    </ClCompile>
    <ClCompile Include="utils\log\Logger.cpp">
      <Filter>utils\log</Filter>
    </ClCompile>
    <ClCompile Include="utils\md5\md5.cpp">
      <Filter>utils\md5</Filter>
    </ClCompile>
    <ClCompile Include="utils\string\string_utils.cpp">
      <Filter>utils\string</Filter>
    </ClCompile>
    <ClCompile Include="utils\socket\Socket.cpp">
      <Filter>utils\socket</Filter>
    </ClCompile>
    <ClCompile Include="utils\pc\pc_info.cpp">
      <Filter>utils\pc</Filter>
    </ClCompile>
    <ClCompile Include="GeneratedFiles\Debug\moc_CrossDlg.cpp">
      <Filter>Generated Files\Debug</Filter>
    </ClCompile>
    <ClCompile Include="GeneratedFiles\Release\moc_CrossDlg.cpp">
      <Filter>Generated Files\Release</Filter>
    </ClCompile>
    <ClCompile Include="CrossDlg.cpp">
      <Filter>Source Files</Filter>
    </ClCompile>
    <ClCompile Include="GeneratedFiles\Debug\moc_MyLabel2.cpp">
      <Filter>Generated Files\Debug</Filter>
    </ClCompile>
    <ClCompile Include="GeneratedFiles\Release\moc_MyLabel2.cpp">
      <Filter>Generated Files\Release</Filter>
    </ClCompile>
    <ClCompile Include="MyLabel2.cpp">
      <Filter>Source Files</Filter>
    </ClCompile>
    <ClCompile Include="checksn.cpp">
      <Filter>Source Files</Filter>
    </ClCompile>
  </ItemGroup>
  <ItemGroup>
    <CustomBuild Include="QtTestCam.h">
      <Filter>Header Files</Filter>
    </CustomBuild>
    <CustomBuild Include="QtTestCam.ui">
      <Filter>Form Files</Filter>
    </CustomBuild>
    <CustomBuild Include="QtTestCam.qrc">
      <Filter>Resource Files</Filter>
    </CustomBuild>
    <CustomBuild Include="QtSetDlg.h">
      <Filter>Header Files</Filter>
    </CustomBuild>
    <CustomBuild Include="QtSetDlg.ui">
      <Filter>Form Files</Filter>
    </CustomBuild>
    <CustomBuild Include="MyLabel.h">
      <Filter>Header Files</Filter>
    </CustomBuild>
    <CustomBuild Include="QtLogDlg.h">
      <Filter>Header Files</Filter>
    </CustomBuild>
    <CustomBuild Include="QtLogDlg.ui">
      <Filter>Form Files</Filter>
    </CustomBuild>
    <CustomBuild Include="CrossDlg.h">
      <Filter>Header Files</Filter>
    </CustomBuild>
    <CustomBuild Include="CrossDlg.ui">
      <Filter>Form Files</Filter>
    </CustomBuild>
    <CustomBuild Include="MyLabel2.h">
      <Filter>Header Files</Filter>
    </CustomBuild>
  </ItemGroup>
  <ItemGroup>
    <ClInclude Include="GeneratedFiles\ui_QtTestCam.h">
      <Filter>Generated Files</Filter>
    </ClInclude>
    <ClInclude Include="avilib.h">
      <Filter>Header Files</Filter>
    </ClInclude>
    <ClInclude Include="IRSDK.h">
      <Filter>Header Files</Filter>
    </ClInclude>
    <ClInclude Include="GeneratedFiles\ui_QtSetDlg.h">
      <Filter>Generated Files</Filter>
    </ClInclude>
    <ClInclude Include="CvxText.h">
      <Filter>Header Files</Filter>
    </ClInclude>
    <ClInclude Include="resource.h">
      <Filter>Header Files</Filter>
    </ClInclude>
    <ClInclude Include="GeneratedFiles\ui_QtLogDlg.h">
      <Filter>Generated Files</Filter>
    </ClInclude>
    <ClInclude Include="incl\client.h">
      <Filter>incl</Filter>
    </ClInclude>
    <ClInclude Include="incl\protocol.h">
      <Filter>incl</Filter>
    </ClInclude>
    <ClInclude Include="utils\log\Logger.h">
      <Filter>utils\log</Filter>
    </ClInclude>
    <ClInclude Include="utils\md5\md5.h">
      <Filter>utils\md5</Filter>
    </ClInclude>
    <ClInclude Include="utils\string\string_utils.h">
      <Filter>utils\string</Filter>
    </ClInclude>
    <ClInclude Include="utils\socket\Socket.h">
      <Filter>utils\socket</Filter>
    </ClInclude>
    <ClInclude Include="utils\pc\pc_info.h">
      <Filter>utils\pc</Filter>
    </ClInclude>
    <ClInclude Include="GeneratedFiles\ui_CrossDlg.h">
      <Filter>Generated Files</Filter>
    </ClInclude>
    <ClInclude Include="checksn.h">
      <Filter>Header Files</Filter>
    </ClInclude>
  </ItemGroup>
  <ItemGroup>
    <ResourceCompile Include="QtTestCam.rc" />
  </ItemGroup>
</Project>